
Microsoft Visual Studio Solution File, Format Version 12.00
# Visual Studio Version 16
VisualStudioVersion = 16.0.29905.134
MinimumVisualStudioVersion = 10.0.40219.1
Project("{FAE04EC0-301F-11D3-BF4B-00C04F79EFBC}") = "Task02", "Task02\Task02.csproj", "{EF8FFAF2-0AD4-4ABD-8A09-694BF4D3DC0F}"
EndProject
Global
	GlobalSection(SolutionConfigurationPlatforms) = preSolution
		Debug|Any CPU = Debug|Any CPU
		Release|Any CPU = Release|Any CPU
	EndGlobalSection
	GlobalSection(ProjectConfigurationPlatforms) = postSolution
		{EF8FFAF2-0AD4-4ABD-8A09-694BF4D3DC0F}.Debug|Any CPU.ActiveCfg = Debug|Any CPU
		{EF8FFAF2-0AD4-4ABD-8A09-694BF4D3DC0F}.Debug|Any CPU.Build.0 = Debug|Any CPU
		{EF8FFAF2-0AD4-4ABD-8A09-694BF4D3DC0F}.Release|Any CPU.ActiveCfg = Release|Any CPU
		{EF8FFAF2-0AD4-4ABD-8A09-694BF4D3DC0F}.Release|Any CPU.Build.0 = Release|Any CPU
	EndGlobalSection
	GlobalSection(SolutionProperties) = preSolution
		HideSolutionNode = FALSE
	EndGlobalSection
	GlobalSection(ExtensibilityGlobals) = postSolution
		SolutionGuid = {D39CDEE9-D889-4DDF-B111-F3BE1A2B1C9E}
	EndGlobalSection
EndGlobal
